
Microsoft Visual Studio Solution File, Format Version 12.00
# Visual Studio Version 17
VisualStudioVersion = 17.14.36310.24 d17.14
MinimumVisualStudioVersion = 10.0.40219.1
Project("{888888A0-9F3D-457C-B088-3A5042F75D52}") = "ejer_semana5", "ejer_semana5\ejer_semana5.pyproj", "{78876C3A-CC70-4F1A-9964-843A585DCA77}"
EndProject
Global
	GlobalSection(SolutionConfigurationPlatforms) = preSolution
		Debug|Any CPU = Debug|Any CPU
		Release|Any CPU = Release|Any CPU
	EndGlobalSection
	GlobalSection(ProjectConfigurationPlatforms) = postSolution
		{78876C3A-CC70-4F1A-9964-843A585DCA77}.Debug|Any CPU.ActiveCfg = Debug|Any CPU
		{78876C3A-CC70-4F1A-9964-843A585DCA77}.Release|Any CPU.ActiveCfg = Release|Any CPU
	EndGlobalSection
	GlobalSection(SolutionProperties) = preSolution
		HideSolutionNode = FALSE
	EndGlobalSection
	GlobalSection(ExtensibilityGlobals) = postSolution
		SolutionGuid = {F61F8D2C-EF1B-4994-96FE-150761A1BBF3}
	EndGlobalSection
EndGlobal
